
Microsoft Visual Studio Solution File, Format Version 12.00
# Visual Studio Version 16
VisualStudioVersion = 16.0.30114.105
MinimumVisualStudioVersion = 10.0.40219.1
Project("{FAE04EC0-301F-11D3-BF4B-00C04F79EFBC}") = "R5T.D0047", "R5T.D0047\R5T.D0047.csproj", "{3B231B37-C9D1-4AA1-9274-DC1E53A8F643}"
EndProject
Project("{FAE04EC0-301F-11D3-BF4B-00C04F79EFBC}") = "R5T.D0047.Base", "R5T.D0047.Base\R5T.D0047.Base.csproj", "{A688BBE1-DD62-42EA-89E0-573086137342}"
EndProject
Project("{FAE04EC0-301F-11D3-BF4B-00C04F79EFBC}") = "R5T.D0047.Construction", "R5T.D0047.Construction\R5T.D0047.Construction.csproj", "{946F45C5-F069-41BE-B532-B1D9DC065A4E}"
EndProject
Project("{FAE04EC0-301F-11D3-BF4B-00C04F79EFBC}") = "R5T.D0047.Default", "R5T.D0047.Default\R5T.D0047.Default.csproj", "{7253D8D9-1E02-4B19-BB45-D0A4D5A93607}"
EndProject
Project("{2150E333-8FDC-42A3-9474-1A3956D46DE8}") = "_Dependencies", "_Dependencies", "{572D7E4D-7517-4D78-BB5A-E1D5C9F1AAC1}"
EndProject
Project("{FAE04EC0-301F-11D3-BF4B-00C04F79EFBC}") = "R5T.T0064", "..\..\R5T.T0064\source\R5T.T0064\R5T.T0064.csproj", "{540A43A5-C269-42EB-9202-649177035C87}"
EndProject
Global
	GlobalSection(SolutionConfigurationPlatforms) = preSolution
		Debug|Any CPU = Debug|Any CPU
		Debug|x64 = Debug|x64
		Debug|x86 = Debug|x86
		Release|Any CPU = Release|Any CPU
		Release|x64 = Release|x64
		Release|x86 = Release|x86
	EndGlobalSection
	GlobalSection(SolutionProperties) = preSolution
		HideSolutionNode = FALSE
	EndGlobalSection
	GlobalSection(ProjectConfigurationPlatforms) = postSolution
		{3B231B37-C9D1-4AA1-9274-DC1E53A8F643}.Debug|Any CPU.ActiveCfg = Debug|Any CPU
		{3B231B37-C9D1-4AA1-9274-DC1E53A8F643}.Debug|Any CPU.Build.0 = Debug|Any CPU
		{3B231B37-C9D1-4AA1-9274-DC1E53A8F643}.Debug|x64.ActiveCfg = Debug|Any CPU
		{3B231B37-C9D1-4AA1-9274-DC1E53A8F643}.Debug|x64.Build.0 = Debug|Any CPU
		{3B231B37-C9D1-4AA1-9274-DC1E53A8F643}.Debug|x86.ActiveCfg = Debug|Any CPU
		{3B231B37-C9D1-4AA1-9274-DC1E53A8F643}.Debug|x86.Build.0 = Debug|Any CPU
		{3B231B37-C9D1-4AA1-9274-DC1E53A8F643}.Release|Any CPU.ActiveCfg = Release|Any CPU
		{3B231B37-C9D1-4AA1-9274-DC1E53A8F643}.Release|Any CPU.Build.0 = Release|Any CPU
		{3B231B37-C9D1-4AA1-9274-DC1E53A8F643}.Release|x64.ActiveCfg = Release|Any CPU
		{3B231B37-C9D1-4AA1-9274-DC1E53A8F643}.Release|x64.Build.0 = Release|Any CPU
		{3B231B37-C9D1-4AA1-9274-DC1E53A8F643}.Release|x86.ActiveCfg = Release|Any CPU
		{3B231B37-C9D1-4AA1-9274-DC1E53A8F643}.Release|x86.Build.0 = Release|Any CPU
		{A688BBE1-DD62-42EA-89E0-573086137342}.Debug|Any CPU.ActiveCfg = Debug|Any CPU
		{A688BBE1-DD62-42EA-89E0-573086137342}.Debug|Any CPU.Build.0 = Debug|Any CPU
		{A688BBE1-DD62-42EA-89E0-573086137342}.Debug|x64.ActiveCfg = Debug|Any CPU
		{A688BBE1-DD62-42EA-89E0-573086137342}.Debug|x64.Build.0 = Debug|Any CPU
		{A688BBE1-DD62-42EA-89E0-573086137342}.Debug|x86.ActiveCfg = Debug|Any CPU
		{A688BBE1-DD62-42EA-89E0-573086137342}.Debug|x86.Build.0 = Debug|Any CPU
		{A688BBE1-DD62-42EA-89E0-573086137342}.Release|Any CPU.ActiveCfg = Release|Any CPU
		{A688BBE1-DD62-42EA-89E0-573086137342}.Release|Any CPU.Build.0 = Release|Any CPU
		{A688BBE1-DD62-42EA-89E0-573086137342}.Release|x64.ActiveCfg = Release|Any CPU
		{A688BBE1-DD62-42EA-89E0-573086137342}.Release|x64.Build.0 = Release|Any CPU
		{A688BBE1-DD62-42EA-89E0-573086137342}.Release|x86.ActiveCfg = Release|Any CPU
		{A688BBE1-DD62-42EA-89E0-573086137342}.Release|x86.Build.0 = Release|Any CPU
		{946F45C5-F069-41BE-B532-B1D9DC065A4E}.Debug|Any CPU.ActiveCfg = Debug|Any CPU
		{946F45C5-F069-41BE-B532-B1D9DC065A4E}.Debug|Any CPU.Build.0 = Debug|Any CPU
		{946F45C5-F069-41BE-B532-B1D9DC065A4E}.Debug|x64.ActiveCfg = Debug|Any CPU
		{946F45C5-F069-41BE-B532-B1D9DC065A4E}.Debug|x64.Build.0 = Debug|Any CPU
		{946F45C5-F069-41BE-B532-B1D9DC065A4E}.Debug|x86.ActiveCfg = Debug|Any CPU
		{946F45C5-F069-41BE-B532-B1D9DC065A4E}.Debug|x86.Build.0 = Debug|Any CPU
		{946F45C5-F069-41BE-B532-B1D9DC065A4E}.Release|Any CPU.ActiveCfg = Release|Any CPU
		{946F45C5-F069-41BE-B532-B1D9DC065A4E}.Release|Any CPU.Build.0 = Release|Any CPU
		{946F45C5-F069-41BE-B532-B1D9DC065A4E}.Release|x64.ActiveCfg = Release|Any CPU
		{946F45C5-F069-41BE-B532-B1D9DC065A4E}.Release|x64.Build.0 = Release|Any CPU
		{946F45C5-F069-41BE-B532-B1D9DC065A4E}.Release|x86.ActiveCfg = Release|Any CPU
		{946F45C5-F069-41BE-B532-B1D9DC065A4E}.Release|x86.Build.0 = Release|Any CPU
		{7253D8D9-1E02-4B19-BB45-D0A4D5A93607}.Debug|Any CPU.ActiveCfg = Debug|Any CPU
		{7253D8D9-1E02-4B19-BB45-D0A4D5A93607}.Debug|Any CPU.Build.0 = Debug|Any CPU
		{7253D8D9-1E02-4B19-BB45-D0A4D5A93607}.Debug|x64.ActiveCfg = Debug|Any CPU
		{7253D8D9-1E02-4B19-BB45-D0A4D5A93607}.Debug|x64.Build.0 = Debug|Any CPU
		{7253D8D9-1E02-4B19-BB45-D0A4D5A93607}.Debug|x86.ActiveCfg = Debug|Any CPU
		{7253D8D9-1E02-4B19-BB45-D0A4D5A93607}.Debug|x86.Build.0 = Debug|Any CPU
		{7253D8D9-1E02-4B19-BB45-D0A4D5A93607}.Release|Any CPU.ActiveCfg = Release|Any CPU
		{7253D8D9-1E02-4B19-BB45-D0A4D5A93607}.Release|Any CPU.Build.0 = Release|Any CPU
		{7253D8D9-1E02-4B19-BB45-D0A4D5A93607}.Release|x64.ActiveCfg = Release|Any CPU
		{7253D8D9-1E02-4B19-BB45-D0A4D5A93607}.Release|x64.Build.0 = Release|Any CPU
		{7253D8D9-1E02-4B19-BB45-D0A4D5A93607}.Release|x86.ActiveCfg = Release|Any CPU
		{7253D8D9-1E02-4B19-BB45-D0A4D5A93607}.Release|x86.Build.0 = Release|Any CPU
		{540A43A5-C269-42EB-9202-649177035C87}.Debug|Any CPU.ActiveCfg = Debug|Any CPU
		{540A43A5-C269-42EB-9202-649177035C87}.Debug|Any CPU.Build.0 = Debug|Any CPU
		{540A43A5-C269-42EB-9202-649177035C87}.Debug|x64.ActiveCfg = Debug|Any CPU
		{540A43A5-C269-42EB-9202-649177035C87}.Debug|x64.Build.0 = Debug|Any CPU
		{540A43A5-C269-42EB-9202-649177035C87}.Debug|x86.ActiveCfg = Debug|Any CPU
		{540A43A5-C269-42EB-9202-649177035C87}.Debug|x86.Build.0 = Debug|Any CPU
		{540A43A5-C269-42EB-9202-649177035C87}.Release|Any CPU.ActiveCfg = Release|Any CPU
		{540A43A5-C269-42EB-9202-649177035C87}.Release|Any CPU.Build.0 = Release|Any CPU
		{540A43A5-C269-42EB-9202-649177035C87}.Release|x64.ActiveCfg = Release|Any CPU
		{540A43A5-C269-42EB-9202-649177035C87}.Release|x64.Build.0 = Release|Any CPU
		{540A43A5-C269-42EB-9202-649177035C87}.Release|x86.ActiveCfg = Release|Any CPU
		{540A43A5-C269-42EB-9202-649177035C87}.Release|x86.Build.0 = Release|Any CPU
	EndGlobalSection
	GlobalSection(NestedProjects) = preSolution
		{540A43A5-C269-42EB-9202-649177035C87} = {572D7E4D-7517-4D78-BB5A-E1D5C9F1AAC1}
	EndGlobalSection
EndGlobal
