
Microsoft Visual Studio Solution File, Format Version 12.00
# Visual Studio 15
VisualStudioVersion = 15.0.26124.0
MinimumVisualStudioVersion = 15.0.26124.0
Project("{FAE04EC0-301F-11D3-BF4B-00C04F79EFBC}") = "R5T.D0047.Construction", "R5T.D0047.Construction\R5T.D0047.Construction.csproj", "{33F0193B-95AC-45CC-8BFA-487ED4EA066B}"
EndProject
Project("{FAE04EC0-301F-11D3-BF4B-00C04F79EFBC}") = "R5T.D0047", "R5T.D0047\R5T.D0047.csproj", "{AEF10A91-A877-4B3E-A6C6-88A78767A675}"
EndProject
Global
	GlobalSection(SolutionConfigurationPlatforms) = preSolution
		Debug|Any CPU = Debug|Any CPU
		Debug|x64 = Debug|x64
		Debug|x86 = Debug|x86
		Release|Any CPU = Release|Any CPU
		Release|x64 = Release|x64
		Release|x86 = Release|x86
	EndGlobalSection
	GlobalSection(SolutionProperties) = preSolution
		HideSolutionNode = FALSE
	EndGlobalSection
	GlobalSection(ProjectConfigurationPlatforms) = postSolution
		{33F0193B-95AC-45CC-8BFA-487ED4EA066B}.Debug|Any CPU.ActiveCfg = Debug|Any CPU
		{33F0193B-95AC-45CC-8BFA-487ED4EA066B}.Debug|Any CPU.Build.0 = Debug|Any CPU
		{33F0193B-95AC-45CC-8BFA-487ED4EA066B}.Debug|x64.ActiveCfg = Debug|Any CPU
		{33F0193B-95AC-45CC-8BFA-487ED4EA066B}.Debug|x64.Build.0 = Debug|Any CPU
		{33F0193B-95AC-45CC-8BFA-487ED4EA066B}.Debug|x86.ActiveCfg = Debug|Any CPU
		{33F0193B-95AC-45CC-8BFA-487ED4EA066B}.Debug|x86.Build.0 = Debug|Any CPU
		{33F0193B-95AC-45CC-8BFA-487ED4EA066B}.Release|Any CPU.ActiveCfg = Release|Any CPU
		{33F0193B-95AC-45CC-8BFA-487ED4EA066B}.Release|Any CPU.Build.0 = Release|Any CPU
		{33F0193B-95AC-45CC-8BFA-487ED4EA066B}.Release|x64.ActiveCfg = Release|Any CPU
		{33F0193B-95AC-45CC-8BFA-487ED4EA066B}.Release|x64.Build.0 = Release|Any CPU
		{33F0193B-95AC-45CC-8BFA-487ED4EA066B}.Release|x86.ActiveCfg = Release|Any CPU
		{33F0193B-95AC-45CC-8BFA-487ED4EA066B}.Release|x86.Build.0 = Release|Any CPU
		{AEF10A91-A877-4B3E-A6C6-88A78767A675}.Debug|Any CPU.ActiveCfg = Debug|Any CPU
		{AEF10A91-A877-4B3E-A6C6-88A78767A675}.Debug|Any CPU.Build.0 = Debug|Any CPU
		{AEF10A91-A877-4B3E-A6C6-88A78767A675}.Debug|x64.ActiveCfg = Debug|Any CPU
		{AEF10A91-A877-4B3E-A6C6-88A78767A675}.Debug|x64.Build.0 = Debug|Any CPU
		{AEF10A91-A877-4B3E-A6C6-88A78767A675}.Debug|x86.ActiveCfg = Debug|Any CPU
		{AEF10A91-A877-4B3E-A6C6-88A78767A675}.Debug|x86.Build.0 = Debug|Any CPU
		{AEF10A91-A877-4B3E-A6C6-88A78767A675}.Release|Any CPU.ActiveCfg = Release|Any CPU
		{AEF10A91-A877-4B3E-A6C6-88A78767A675}.Release|Any CPU.Build.0 = Release|Any CPU
		{AEF10A91-A877-4B3E-A6C6-88A78767A675}.Release|x64.ActiveCfg = Release|Any CPU
		{AEF10A91-A877-4B3E-A6C6-88A78767A675}.Release|x64.Build.0 = Release|Any CPU
		{AEF10A91-A877-4B3E-A6C6-88A78767A675}.Release|x86.ActiveCfg = Release|Any CPU
		{AEF10A91-A877-4B3E-A6C6-88A78767A675}.Release|x86.Build.0 = Release|Any CPU
	EndGlobalSection
EndGlobal
